
Microsoft Visual Studio Solution File, Format Version 12.00
# Visual Studio 15
Project("{FAE04EC0-301F-11D3-BF4B-00C04F79EFBC}") = "Assembly-CSharp", "Assembly-CSharp.csproj", "{EB46AF3B-DB7F-33C4-F3DE-B44DA998123A}"
EndProject
Global
	GlobalSection(SolutionConfigurationPlatforms) = preSolution
		Debug|Any CPU = Debug|Any CPU
		Release|Any CPU = Release|Any CPU
	EndGlobalSection
	GlobalSection(ProjectConfigurationPlatforms) = postSolution
		{EB46AF3B-DB7F-33C4-F3DE-B44DA998123A}.Debug|Any CPU.ActiveCfg = Debug|Any CPU
		{EB46AF3B-DB7F-33C4-F3DE-B44DA998123A}.Debug|Any CPU.Build.0 = Debug|Any CPU
		{EB46AF3B-DB7F-33C4-F3DE-B44DA998123A}.Release|Any CPU.ActiveCfg = Release|Any CPU
		{EB46AF3B-DB7F-33C4-F3DE-B44DA998123A}.Release|Any CPU.Build.0 = Release|Any CPU
	EndGlobalSection
	GlobalSection(SolutionProperties) = preSolution
		HideSolutionNode = FALSE
	EndGlobalSection
EndGlobal
